
Microsoft Visual Studio Solution File, Format Version 12.00
# Visual Studio Version 17
VisualStudioVersion = 17.10.35004.147
MinimumVisualStudioVersion = 10.0.40219.1
Project("{FAE04EC0-301F-11D3-BF4B-00C04F79EFBC}") = "csharp_from", "csharp_from\csharp_from.csproj", "{2D1223D9-F83C-412E-98DF-285CB8A31BFB}"
EndProject
Global
	GlobalSection(SolutionConfigurationPlatforms) = preSolution
		Debug|Any CPU = Debug|Any CPU
		Release|Any CPU = Release|Any CPU
	EndGlobalSection
	GlobalSection(ProjectConfigurationPlatforms) = postSolution
		{2D1223D9-F83C-412E-98DF-285CB8A31BFB}.Debug|Any CPU.ActiveCfg = Debug|Any CPU
		{2D1223D9-F83C-412E-98DF-285CB8A31BFB}.Debug|Any CPU.Build.0 = Debug|Any CPU
		{2D1223D9-F83C-412E-98DF-285CB8A31BFB}.Release|Any CPU.ActiveCfg = Release|Any CPU
		{2D1223D9-F83C-412E-98DF-285CB8A31BFB}.Release|Any CPU.Build.0 = Release|Any CPU
	EndGlobalSection
	GlobalSection(SolutionProperties) = preSolution
		HideSolutionNode = FALSE
	EndGlobalSection
	GlobalSection(ExtensibilityGlobals) = postSolution
		SolutionGuid = {432C86E7-D388-47DA-B465-F530CFA2CFAE}
	EndGlobalSection
EndGlobal
